// !$*UTF8*$!
{
	archiveVersion = 1;
	classes = {
	};
	objectVersion = 50;
	objects = {

/* Begin PBXBuildFile section */
		594F6E9D20FCCADE000B4F4D /* Photo.swift in Sources */ = {isa = PBXBuildFile; fileRef = 594F6E9C20FCCADE000B4F4D /* Photo.swift */; };
		594F6E9F20FCCB05000B4F4D /* ShootingDate.swift in Sources */ = {isa = PBXBuildFile; fileRef = 594F6E9E20FCCB05000B4F4D /* ShootingDate.swift */; };
		5979286E20FA22F80057FD9B /* スラムダンク.jpeg in Resources */ = {isa = PBXBuildFile; fileRef = 5979286D20FA22F80057FD9B /* スラムダンク.jpeg */; };
		5979287020FA25AE0057FD9B /* CollectionView.storyboard in Resources */ = {isa = PBXBuildFile; fileRef = 5979286F20FA25AE0057FD9B /* CollectionView.storyboard */; };
		5979287320FA26300057FD9B /* CollectionViewCell.swift in Sources */ = {isa = PBXBuildFile; fileRef = 5979287120FA26300057FD9B /* CollectionViewCell.swift */; };
		5979287420FA26300057FD9B /* CollectionViewCell.xib in Resources */ = {isa = PBXBuildFile; fileRef = 5979287220FA26300057FD9B /* CollectionViewCell.xib */; };
		5979287D20FA53510057FD9B /* CollectionHeader.swift in Sources */ = {isa = PBXBuildFile; fileRef = 5979287B20FA53510057FD9B /* CollectionHeader.swift */; };
		5979287E20FA53510057FD9B /* CollectionHeader.xib in Resources */ = {isa = PBXBuildFile; fileRef = 5979287C20FA53510057FD9B /* CollectionHeader.xib */; };
		59AFF63A20FC962700E620A0 /* Realm.framework in Frameworks */ = {isa = PBXBuildFile; fileRef = 59AFF63820FC962700E620A0 /* Realm.framework */; };
		59AFF63B20FC962700E620A0 /* RealmSwift.framework in Frameworks */ = {isa = PBXBuildFile; fileRef = 59AFF63920FC962700E620A0 /* RealmSwift.framework */; };
		59F54F4620EA4F2100434DD2 /* AppDelegate.swift in Sources */ = {isa = PBXBuildFile; fileRef = 59F54F4520EA4F2100434DD2 /* AppDelegate.swift */; };
		59F54F4B20EA4F2100434DD2 /* Main.storyboard in Resources */ = {isa = PBXBuildFile; fileRef = 59F54F4920EA4F2100434DD2 /* Main.storyboard */; };
		59F54F4D20EA4F2200434DD2 /* Assets.xcassets in Resources */ = {isa = PBXBuildFile; fileRef = 59F54F4C20EA4F2200434DD2 /* Assets.xcassets */; };
		59F54F5020EA4F2200434DD2 /* LaunchScreen.storyboard in Resources */ = {isa = PBXBuildFile; fileRef = 59F54F4E20EA4F2200434DD2 /* LaunchScreen.storyboard */; };
		59F54F5B20EA4F2200434DD2 /* DrawCameraSampleTests.swift in Sources */ = {isa = PBXBuildFile; fileRef = 59F54F5A20EA4F2200434DD2 /* DrawCameraSampleTests.swift */; };
		59F54F6620EA4F2200434DD2 /* DrawCameraSampleUITests.swift in Sources */ = {isa = PBXBuildFile; fileRef = 59F54F6520EA4F2200434DD2 /* DrawCameraSampleUITests.swift */; };
		59F54F7520EA50F000434DD2 /* PreviewController.swift in Sources */ = {isa = PBXBuildFile; fileRef = 59F54F7420EA50F000434DD2 /* PreviewController.swift */; };
		6E0E1EEE20F5C7ED00898E91 /* LoginViewController.swift in Sources */ = {isa = PBXBuildFile; fileRef = 6E0E1EED20F5C7ED00898E91 /* LoginViewController.swift */; };
		6E0E1EF420F5C82300898E91 /* LoginView.swift in Sources */ = {isa = PBXBuildFile; fileRef = 6E0E1EF320F5C82300898E91 /* LoginView.swift */; };
		6E0E1EF620F5C83100898E91 /* RegisterView1.swift in Sources */ = {isa = PBXBuildFile; fileRef = 6E0E1EF520F5C83100898E91 /* RegisterView1.swift */; };
		6E0E1F0C20F5FED300898E91 /* LoginDelegate.swift in Sources */ = {isa = PBXBuildFile; fileRef = 6E0E1F0B20F5FED300898E91 /* LoginDelegate.swift */; };
		6E0E1F0E20F609C700898E91 /* RegisterView2.swift in Sources */ = {isa = PBXBuildFile; fileRef = 6E0E1F0D20F609C700898E91 /* RegisterView2.swift */; };
		6E0E1F1020F61BE900898E91 /* RegisterViewController1.swift in Sources */ = {isa = PBXBuildFile; fileRef = 6E0E1F0F20F61BE900898E91 /* RegisterViewController1.swift */; };
		6E0E1F1220F61BF900898E91 /* RegisterViewController2.swift in Sources */ = {isa = PBXBuildFile; fileRef = 6E0E1F1120F61BF900898E91 /* RegisterViewController2.swift */; };
		6E59A7B520F4BEDF0056286B /* CameraViewController.swift in Sources */ = {isa = PBXBuildFile; fileRef = 6E59A7B420F4BEDF0056286B /* CameraViewController.swift */; };
		6E59A7BA20F4C10D0056286B /* CaptureButton.swift in Sources */ = {isa = PBXBuildFile; fileRef = 6E59A7B920F4C10D0056286B /* CaptureButton.swift */; };
		6E59A7BC20F4C4BF0056286B /* CaptureButtonDelegate.swift in Sources */ = {isa = PBXBuildFile; fileRef = 6E59A7BB20F4C4BF0056286B /* CaptureButtonDelegate.swift */; };
		6E59A7BE20F4CEA30056286B /* PhotoListViewController.swift in Sources */ = {isa = PBXBuildFile; fileRef = 6E59A7BD20F4CEA30056286B /* PhotoListViewController.swift */; };
		6E59A7C020F4D5EC0056286B /* ContainerViewController.swift in Sources */ = {isa = PBXBuildFile; fileRef = 6E59A7BF20F4D5EC0056286B /* ContainerViewController.swift */; };
		6E59A7C220F4D97B0056286B /* CameraButton.swift in Sources */ = {isa = PBXBuildFile; fileRef = 6E59A7C120F4D97B0056286B /* CameraButton.swift */; };
		6E59A7C420F4DA130056286B /* CameraButtonDelegate.swift in Sources */ = {isa = PBXBuildFile; fileRef = 6E59A7C320F4DA130056286B /* CameraButtonDelegate.swift */; };
		6E85A04120FDAD17006931F8 /* PhotoList.swift in Sources */ = {isa = PBXBuildFile; fileRef = 6E85A04020FDAD17006931F8 /* PhotoList.swift */; };
		6E85A04520FDADEB006931F8 /* PreviewPresenter.swift in Sources */ = {isa = PBXBuildFile; fileRef = 6E85A04420FDADEB006931F8 /* PreviewPresenter.swift */; };
		6E85A04720FDAE7C006931F8 /* PhotoModel.swift in Sources */ = {isa = PBXBuildFile; fileRef = 6E85A04620FDAE7C006931F8 /* PhotoModel.swift */; };
		6EA8C6AC20F6E79600DF5EDC /* Extension.swift in Sources */ = {isa = PBXBuildFile; fileRef = 6EA8C6AB20F6E79600DF5EDC /* Extension.swift */; };
		6EA8C6AE20F6F4B200DF5EDC /* ReturnButton.swift in Sources */ = {isa = PBXBuildFile; fileRef = 6EA8C6AD20F6F4B100DF5EDC /* ReturnButton.swift */; };
		6EA8C6B020F6F56400DF5EDC /* ReturnButtonDelegate.swift in Sources */ = {isa = PBXBuildFile; fileRef = 6EA8C6AF20F6F56400DF5EDC /* ReturnButtonDelegate.swift */; };
		6EA8C6B220F6F9E300DF5EDC /* CameraButtonsView.swift in Sources */ = {isa = PBXBuildFile; fileRef = 6EA8C6B120F6F9E300DF5EDC /* CameraButtonsView.swift */; };
		6EC882D520EB7191006B79BD /* Preview.swift in Sources */ = {isa = PBXBuildFile; fileRef = 6EC882D420EB7191006B79BD /* Preview.swift */; };
		6EC882D720EB7452006B79BD /* PreviewDelegate.swift in Sources */ = {isa = PBXBuildFile; fileRef = 6EC882D620EB7452006B79BD /* PreviewDelegate.swift */; };
		6EE329F620FDBE2500E9ECD6 /* DateFormat.swift in Sources */ = {isa = PBXBuildFile; fileRef = 6EE329F520FDBE2500E9ECD6 /* DateFormat.swift */; };
		6EE329F820FDC2EA00E9ECD6 /* Results.swift in Sources */ = {isa = PBXBuildFile; fileRef = 6EE329F720FDC2EA00E9ECD6 /* Results.swift */; };
		6EE329FA20FDE9A800E9ECD6 /* ProcessData.swift in Sources */ = {isa = PBXBuildFile; fileRef = 6EE329F920FDE9A800E9ECD6 /* ProcessData.swift */; };
/* End PBXBuildFile section */

/* Begin PBXContainerItemProxy section */
		59F54F5720EA4F2200434DD2 /* PBXContainerItemProxy */ = {
			isa = PBXContainerItemProxy;
			containerPortal = 59F54F3A20EA4F2100434DD2 /* Project object */;
			proxyType = 1;
			remoteGlobalIDString = 59F54F4120EA4F2100434DD2;
			remoteInfo = DrawCameraSample;
		};
		59F54F6220EA4F2200434DD2 /* PBXContainerItemProxy */ = {
			isa = PBXContainerItemProxy;
			containerPortal = 59F54F3A20EA4F2100434DD2 /* Project object */;
			proxyType = 1;
			remoteGlobalIDString = 59F54F4120EA4F2100434DD2;
			remoteInfo = DrawCameraSample;
		};
/* End PBXContainerItemProxy section */

/* Begin PBXFileReference section */
		594F6E9C20FCCADE000B4F4D /* Photo.swift */ = {isa = PBXFileReference; lastKnownFileType = sourcecode.swift; path = Photo.swift; sourceTree = "<group>"; };
		594F6E9E20FCCB05000B4F4D /* ShootingDate.swift */ = {isa = PBXFileReference; lastKnownFileType = sourcecode.swift; path = ShootingDate.swift; sourceTree = "<group>"; };
		5979286D20FA22F80057FD9B /* スラムダンク.jpeg */ = {isa = PBXFileReference; lastKnownFileType = image.jpeg; path = "スラムダンク.jpeg"; sourceTree = "<group>"; };
		5979286F20FA25AE0057FD9B /* CollectionView.storyboard */ = {isa = PBXFileReference; lastKnownFileType = file.storyboard; path = CollectionView.storyboard; sourceTree = "<group>"; };
		5979287120FA26300057FD9B /* CollectionViewCell.swift */ = {isa = PBXFileReference; lastKnownFileType = sourcecode.swift; path = CollectionViewCell.swift; sourceTree = "<group>"; };
		5979287220FA26300057FD9B /* CollectionViewCell.xib */ = {isa = PBXFileReference; lastKnownFileType = file.xib; path = CollectionViewCell.xib; sourceTree = "<group>"; };
		5979287B20FA53510057FD9B /* CollectionHeader.swift */ = {isa = PBXFileReference; lastKnownFileType = sourcecode.swift; path = CollectionHeader.swift; sourceTree = "<group>"; };
		5979287C20FA53510057FD9B /* CollectionHeader.xib */ = {isa = PBXFileReference; lastKnownFileType = file.xib; path = CollectionHeader.xib; sourceTree = "<group>"; };
		59AFF63820FC962700E620A0 /* Realm.framework */ = {isa = PBXFileReference; lastKnownFileType = wrapper.framework; name = Realm.framework; path = Carthage/Build/iOS/Realm.framework; sourceTree = "<group>"; };
		59AFF63920FC962700E620A0 /* RealmSwift.framework */ = {isa = PBXFileReference; lastKnownFileType = wrapper.framework; name = RealmSwift.framework; path = Carthage/Build/iOS/RealmSwift.framework; sourceTree = "<group>"; };
		59F54F4220EA4F2100434DD2 /* DrawCameraSample.app */ = {isa = PBXFileReference; explicitFileType = wrapper.application; includeInIndex = 0; path = DrawCameraSample.app; sourceTree = BUILT_PRODUCTS_DIR; };
		59F54F4520EA4F2100434DD2 /* AppDelegate.swift */ = {isa = PBXFileReference; lastKnownFileType = sourcecode.swift; path = AppDelegate.swift; sourceTree = "<group>"; };
		59F54F4A20EA4F2100434DD2 /* Base */ = {isa = PBXFileReference; lastKnownFileType = file.storyboard; name = Base; path = Base.lproj/Main.storyboard; sourceTree = "<group>"; };
		59F54F4C20EA4F2200434DD2 /* Assets.xcassets */ = {isa = PBXFileReference; lastKnownFileType = folder.assetcatalog; path = Assets.xcassets; sourceTree = "<group>"; };
		59F54F4F20EA4F2200434DD2 /* Base */ = {isa = PBXFileReference; lastKnownFileType = file.storyboard; name = Base; path = Base.lproj/LaunchScreen.storyboard; sourceTree = "<group>"; };
		59F54F5120EA4F2200434DD2 /* Info.plist */ = {isa = PBXFileReference; lastKnownFileType = text.plist.xml; path = Info.plist; sourceTree = "<group>"; };
		59F54F5620EA4F2200434DD2 /* DrawCameraSampleTests.xctest */ = {isa = PBXFileReference; explicitFileType = wrapper.cfbundle; includeInIndex = 0; path = DrawCameraSampleTests.xctest; sourceTree = BUILT_PRODUCTS_DIR; };
		59F54F5A20EA4F2200434DD2 /* DrawCameraSampleTests.swift */ = {isa = PBXFileReference; lastKnownFileType = sourcecode.swift; path = DrawCameraSampleTests.swift; sourceTree = "<group>"; };
		59F54F5C20EA4F2200434DD2 /* Info.plist */ = {isa = PBXFileReference; lastKnownFileType = text.plist.xml; path = Info.plist; sourceTree = "<group>"; };
		59F54F6120EA4F2200434DD2 /* DrawCameraSampleUITests.xctest */ = {isa = PBXFileReference; explicitFileType = wrapper.cfbundle; includeInIndex = 0; path = DrawCameraSampleUITests.xctest; sourceTree = BUILT_PRODUCTS_DIR; };
		59F54F6520EA4F2200434DD2 /* DrawCameraSampleUITests.swift */ = {isa = PBXFileReference; lastKnownFileType = sourcecode.swift; path = DrawCameraSampleUITests.swift; sourceTree = "<group>"; };
		59F54F6720EA4F2200434DD2 /* Info.plist */ = {isa = PBXFileReference; lastKnownFileType = text.plist.xml; path = Info.plist; sourceTree = "<group>"; };
		59F54F7420EA50F000434DD2 /* PreviewController.swift */ = {isa = PBXFileReference; lastKnownFileType = sourcecode.swift; path = PreviewController.swift; sourceTree = "<group>"; };
		6E0E1EED20F5C7ED00898E91 /* LoginViewController.swift */ = {isa = PBXFileReference; lastKnownFileType = sourcecode.swift; path = LoginViewController.swift; sourceTree = "<group>"; };
		6E0E1EF320F5C82300898E91 /* LoginView.swift */ = {isa = PBXFileReference; lastKnownFileType = sourcecode.swift; path = LoginView.swift; sourceTree = "<group>"; };
		6E0E1EF520F5C83100898E91 /* RegisterView1.swift */ = {isa = PBXFileReference; lastKnownFileType = sourcecode.swift; path = RegisterView1.swift; sourceTree = "<group>"; };
		6E0E1F0B20F5FED300898E91 /* LoginDelegate.swift */ = {isa = PBXFileReference; lastKnownFileType = sourcecode.swift; path = LoginDelegate.swift; sourceTree = "<group>"; };
		6E0E1F0D20F609C700898E91 /* RegisterView2.swift */ = {isa = PBXFileReference; lastKnownFileType = sourcecode.swift; path = RegisterView2.swift; sourceTree = "<group>"; };
		6E0E1F0F20F61BE900898E91 /* RegisterViewController1.swift */ = {isa = PBXFileReference; lastKnownFileType = sourcecode.swift; path = RegisterViewController1.swift; sourceTree = "<group>"; };
		6E0E1F1120F61BF900898E91 /* RegisterViewController2.swift */ = {isa = PBXFileReference; lastKnownFileType = sourcecode.swift; path = RegisterViewController2.swift; sourceTree = "<group>"; };
		6E59A7B420F4BEDF0056286B /* CameraViewController.swift */ = {isa = PBXFileReference; lastKnownFileType = sourcecode.swift; path = CameraViewController.swift; sourceTree = "<group>"; };
		6E59A7B920F4C10D0056286B /* CaptureButton.swift */ = {isa = PBXFileReference; lastKnownFileType = sourcecode.swift; path = CaptureButton.swift; sourceTree = "<group>"; };
		6E59A7BB20F4C4BF0056286B /* CaptureButtonDelegate.swift */ = {isa = PBXFileReference; lastKnownFileType = sourcecode.swift; path = CaptureButtonDelegate.swift; sourceTree = "<group>"; };
		6E59A7BD20F4CEA30056286B /* PhotoListViewController.swift */ = {isa = PBXFileReference; lastKnownFileType = sourcecode.swift; path = PhotoListViewController.swift; sourceTree = "<group>"; };
		6E59A7BF20F4D5EC0056286B /* ContainerViewController.swift */ = {isa = PBXFileReference; lastKnownFileType = sourcecode.swift; path = ContainerViewController.swift; sourceTree = "<group>"; };
		6E59A7C120F4D97B0056286B /* CameraButton.swift */ = {isa = PBXFileReference; lastKnownFileType = sourcecode.swift; path = CameraButton.swift; sourceTree = "<group>"; };
		6E59A7C320F4DA130056286B /* CameraButtonDelegate.swift */ = {isa = PBXFileReference; lastKnownFileType = sourcecode.swift; path = CameraButtonDelegate.swift; sourceTree = "<group>"; };
		6E85A04020FDAD17006931F8 /* PhotoList.swift */ = {isa = PBXFileReference; lastKnownFileType = sourcecode.swift; path = PhotoList.swift; sourceTree = "<group>"; };
		6E85A04420FDADEB006931F8 /* PreviewPresenter.swift */ = {isa = PBXFileReference; lastKnownFileType = sourcecode.swift; path = PreviewPresenter.swift; sourceTree = "<group>"; };
		6E85A04620FDAE7C006931F8 /* PhotoModel.swift */ = {isa = PBXFileReference; lastKnownFileType = sourcecode.swift; path = PhotoModel.swift; sourceTree = "<group>"; };
		6EA8C6AB20F6E79600DF5EDC /* Extension.swift */ = {isa = PBXFileReference; lastKnownFileType = sourcecode.swift; path = Extension.swift; sourceTree = "<group>"; };
		6EA8C6AD20F6F4B100DF5EDC /* ReturnButton.swift */ = {isa = PBXFileReference; lastKnownFileType = sourcecode.swift; path = ReturnButton.swift; sourceTree = "<group>"; };
		6EA8C6AF20F6F56400DF5EDC /* ReturnButtonDelegate.swift */ = {isa = PBXFileReference; lastKnownFileType = sourcecode.swift; path = ReturnButtonDelegate.swift; sourceTree = "<group>"; };
		6EA8C6B120F6F9E300DF5EDC /* CameraButtonsView.swift */ = {isa = PBXFileReference; lastKnownFileType = sourcecode.swift; path = CameraButtonsView.swift; sourceTree = "<group>"; };
		6EC882D420EB7191006B79BD /* Preview.swift */ = {isa = PBXFileReference; lastKnownFileType = sourcecode.swift; path = Preview.swift; sourceTree = "<group>"; };
		6EC882D620EB7452006B79BD /* PreviewDelegate.swift */ = {isa = PBXFileReference; lastKnownFileType = sourcecode.swift; path = PreviewDelegate.swift; sourceTree = "<group>"; };
		6EE329F520FDBE2500E9ECD6 /* DateFormat.swift */ = {isa = PBXFileReference; lastKnownFileType = sourcecode.swift; path = DateFormat.swift; sourceTree = "<group>"; };
		6EE329F720FDC2EA00E9ECD6 /* Results.swift */ = {isa = PBXFileReference; lastKnownFileType = sourcecode.swift; path = Results.swift; sourceTree = "<group>"; };
		6EE329F920FDE9A800E9ECD6 /* ProcessData.swift */ = {isa = PBXFileReference; lastKnownFileType = sourcecode.swift; path = ProcessData.swift; sourceTree = "<group>"; };
/* End PBXFileReference section */

/* Begin PBXFrameworksBuildPhase section */
		59F54F3F20EA4F2100434DD2 /* Frameworks */ = {
			isa = PBXFrameworksBuildPhase;
			buildActionMask = 2147483647;
			files = (
				59AFF63A20FC962700E620A0 /* Realm.framework in Frameworks */,
				59AFF63B20FC962700E620A0 /* RealmSwift.framework in Frameworks */,
			);
			runOnlyForDeploymentPostprocessing = 0;
		};
		59F54F5320EA4F2200434DD2 /* Frameworks */ = {
			isa = PBXFrameworksBuildPhase;
			buildActionMask = 2147483647;
			files = (
			);
			runOnlyForDeploymentPostprocessing = 0;
		};
		59F54F5E20EA4F2200434DD2 /* Frameworks */ = {
			isa = PBXFrameworksBuildPhase;
			buildActionMask = 2147483647;
			files = (
			);
			runOnlyForDeploymentPostprocessing = 0;
		};
/* End PBXFrameworksBuildPhase section */

/* Begin PBXGroup section */
		594F6E9A20FCCAAE000B4F4D /* Model */ = {
			isa = PBXGroup;
			children = (
				6E85A04620FDAE7C006931F8 /* PhotoModel.swift */,
				6E85A03F20FDACFD006931F8 /* RealmObject */,
				594F6E9B20FCCAC7000B4F4D /* Entity */,
			);
			path = Model;
			sourceTree = "<group>";
		};
		594F6E9B20FCCAC7000B4F4D /* Entity */ = {
			isa = PBXGroup;
			children = (
				6E85A04020FDAD17006931F8 /* PhotoList.swift */,
				6EE329F920FDE9A800E9ECD6 /* ProcessData.swift */,
			);
			path = Entity;
			sourceTree = "<group>";
		};
		59AFF63720FC962600E620A0 /* Frameworks */ = {
			isa = PBXGroup;
			children = (
				59AFF63820FC962700E620A0 /* Realm.framework */,
				59AFF63920FC962700E620A0 /* RealmSwift.framework */,
			);
			name = Frameworks;
			sourceTree = "<group>";
		};
		59F54F3920EA4F2100434DD2 = {
			isa = PBXGroup;
			children = (
				59F54F4420EA4F2100434DD2 /* DrawCameraSample */,
				59F54F5920EA4F2200434DD2 /* DrawCameraSampleTests */,
				59F54F6420EA4F2200434DD2 /* DrawCameraSampleUITests */,
				59F54F4320EA4F2100434DD2 /* Products */,
				59AFF63720FC962600E620A0 /* Frameworks */,
			);
			sourceTree = "<group>";
		};
		59F54F4320EA4F2100434DD2 /* Products */ = {
			isa = PBXGroup;
			children = (
				59F54F4220EA4F2100434DD2 /* DrawCameraSample.app */,
				59F54F5620EA4F2200434DD2 /* DrawCameraSampleTests.xctest */,
				59F54F6120EA4F2200434DD2 /* DrawCameraSampleUITests.xctest */,
			);
			name = Products;
			sourceTree = "<group>";
		};
		59F54F4420EA4F2100434DD2 /* DrawCameraSample */ = {
			isa = PBXGroup;
			children = (
				59F54F4520EA4F2100434DD2 /* AppDelegate.swift */,
				6EA8C6AB20F6E79600DF5EDC /* Extension.swift */,
				6EE329F520FDBE2500E9ECD6 /* DateFormat.swift */,
				6EE329F720FDC2EA00E9ECD6 /* Results.swift */,
				6E59A7AD20F4A68F0056286B /* View */,
				6E85A03E20FDAC80006931F8 /* Presenter */,
				594F6E9A20FCCAAE000B4F4D /* Model */,
				6E59A7AE20F4A6A60056286B /* Delegate */,
				6E59A7AC20F4A67D0056286B /* Controller */,
				59F54F4920EA4F2100434DD2 /* Main.storyboard */,
				5979286F20FA25AE0057FD9B /* CollectionView.storyboard */,
				5979286D20FA22F80057FD9B /* スラムダンク.jpeg */,
				59F54F4C20EA4F2200434DD2 /* Assets.xcassets */,
				59F54F4E20EA4F2200434DD2 /* LaunchScreen.storyboard */,
				59F54F5120EA4F2200434DD2 /* Info.plist */,
			);
			path = DrawCameraSample;
			sourceTree = "<group>";
		};
		59F54F5920EA4F2200434DD2 /* DrawCameraSampleTests */ = {
			isa = PBXGroup;
			children = (
				59F54F5A20EA4F2200434DD2 /* DrawCameraSampleTests.swift */,
				59F54F5C20EA4F2200434DD2 /* Info.plist */,
			);
			path = DrawCameraSampleTests;
			sourceTree = "<group>";
		};
		59F54F6420EA4F2200434DD2 /* DrawCameraSampleUITests */ = {
			isa = PBXGroup;
			children = (
				59F54F6520EA4F2200434DD2 /* DrawCameraSampleUITests.swift */,
				59F54F6720EA4F2200434DD2 /* Info.plist */,
			);
			path = DrawCameraSampleUITests;
			sourceTree = "<group>";
		};
		6E59A7AC20F4A67D0056286B /* Controller */ = {
			isa = PBXGroup;
			children = (
				6E0E1EED20F5C7ED00898E91 /* LoginViewController.swift */,
				6E0E1F0F20F61BE900898E91 /* RegisterViewController1.swift */,
				6E0E1F1120F61BF900898E91 /* RegisterViewController2.swift */,
				6E59A7BD20F4CEA30056286B /* PhotoListViewController.swift */,
				6E59A7BF20F4D5EC0056286B /* ContainerViewController.swift */,
				6E59A7B420F4BEDF0056286B /* CameraViewController.swift */,
				59F54F7420EA50F000434DD2 /* PreviewController.swift */,
			);
			path = Controller;
			sourceTree = "<group>";
		};
		6E59A7AD20F4A68F0056286B /* View */ = {
			isa = PBXGroup;
			children = (
				6EC882D420EB7191006B79BD /* Preview.swift */,
				6E0E1EF320F5C82300898E91 /* LoginView.swift */,
				6E0E1EF520F5C83100898E91 /* RegisterView1.swift */,
				6E0E1F0D20F609C700898E91 /* RegisterView2.swift */,
				6EA8C6B120F6F9E300DF5EDC /* CameraButtonsView.swift */,
				6E59A7B620F4BF180056286B /* Component */,
			);
			path = View;
			sourceTree = "<group>";
		};
		6E59A7AE20F4A6A60056286B /* Delegate */ = {
			isa = PBXGroup;
			children = (
				6EC882D620EB7452006B79BD /* PreviewDelegate.swift */,
				6E59A7BB20F4C4BF0056286B /* CaptureButtonDelegate.swift */,
				6E59A7C320F4DA130056286B /* CameraButtonDelegate.swift */,
				6E0E1F0B20F5FED300898E91 /* LoginDelegate.swift */,
				6EA8C6AF20F6F56400DF5EDC /* ReturnButtonDelegate.swift */,
			);
			path = Delegate;
			sourceTree = "<group>";
		};
		6E59A7B620F4BF180056286B /* Component */ = {
			isa = PBXGroup;
			children = (
				6E59A7B920F4C10D0056286B /* CaptureButton.swift */,
				6E59A7C120F4D97B0056286B /* CameraButton.swift */,
				6EA8C6AD20F6F4B100DF5EDC /* ReturnButton.swift */,
				5979287120FA26300057FD9B /* CollectionViewCell.swift */,
				5979287220FA26300057FD9B /* CollectionViewCell.xib */,
				5979287B20FA53510057FD9B /* CollectionHeader.swift */,
				5979287C20FA53510057FD9B /* CollectionHeader.xib */,
			);
			path = Component;
			sourceTree = "<group>";
		};
		6E85A03E20FDAC80006931F8 /* Presenter */ = {
			isa = PBXGroup;
			children = (
				6E85A04420FDADEB006931F8 /* PreviewPresenter.swift */,
			);
			path = Presenter;
			sourceTree = "<group>";
		};
		6E85A03F20FDACFD006931F8 /* RealmObject */ = {
			isa = PBXGroup;
			children = (
				594F6E9C20FCCADE000B4F4D /* Photo.swift */,
				594F6E9E20FCCB05000B4F4D /* ShootingDate.swift */,
			);
			path = RealmObject;
			sourceTree = "<group>";
		};
/* End PBXGroup section */

/* Begin PBXNativeTarget section */
		59F54F4120EA4F2100434DD2 /* DrawCameraSample */ = {
			isa = PBXNativeTarget;
			buildConfigurationList = 59F54F6A20EA4F2200434DD2 /* Build configuration list for PBXNativeTarget "DrawCameraSample" */;
			buildPhases = (
				59F54F3E20EA4F2100434DD2 /* Sources */,
				59F54F3F20EA4F2100434DD2 /* Frameworks */,
				59F54F4020EA4F2100434DD2 /* Resources */,
				59AFF63C20FC964300E620A0 /* ShellScript */,
			);
			buildRules = (
			);
			dependencies = (
			);
			name = DrawCameraSample;
			productName = DrawCameraSample;
			productReference = 59F54F4220EA4F2100434DD2 /* DrawCameraSample.app */;
			productType = "com.apple.product-type.application";
		};
		59F54F5520EA4F2200434DD2 /* DrawCameraSampleTests */ = {
			isa = PBXNativeTarget;
			buildConfigurationList = 59F54F6D20EA4F2200434DD2 /* Build configuration list for PBXNativeTarget "DrawCameraSampleTests" */;
			buildPhases = (
				59F54F5220EA4F2200434DD2 /* Sources */,
				59F54F5320EA4F2200434DD2 /* Frameworks */,
				59F54F5420EA4F2200434DD2 /* Resources */,
			);
			buildRules = (
			);
			dependencies = (
				59F54F5820EA4F2200434DD2 /* PBXTargetDependency */,
			);
			name = DrawCameraSampleTests;
			productName = DrawCameraSampleTests;
			productReference = 59F54F5620EA4F2200434DD2 /* DrawCameraSampleTests.xctest */;
			productType = "com.apple.product-type.bundle.unit-test";
		};
		59F54F6020EA4F2200434DD2 /* DrawCameraSampleUITests */ = {
			isa = PBXNativeTarget;
			buildConfigurationList = 59F54F7020EA4F2200434DD2 /* Build configuration list for PBXNativeTarget "DrawCameraSampleUITests" */;
			buildPhases = (
				59F54F5D20EA4F2200434DD2 /* Sources */,
				59F54F5E20EA4F2200434DD2 /* Frameworks */,
				59F54F5F20EA4F2200434DD2 /* Resources */,
			);
			buildRules = (
			);
			dependencies = (
				59F54F6320EA4F2200434DD2 /* PBXTargetDependency */,
			);
			name = DrawCameraSampleUITests;
			productName = DrawCameraSampleUITests;
			productReference = 59F54F6120EA4F2200434DD2 /* DrawCameraSampleUITests.xctest */;
			productType = "com.apple.product-type.bundle.ui-testing";
		};
/* End PBXNativeTarget section */

/* Begin PBXProject section */
		59F54F3A20EA4F2100434DD2 /* Project object */ = {
			isa = PBXProject;
			attributes = {
				LastSwiftUpdateCheck = 0930;
				LastUpgradeCheck = 0930;
				ORGANIZATIONNAME = "takahiro yoshikawa";
				TargetAttributes = {
					59F54F4120EA4F2100434DD2 = {
						CreatedOnToolsVersion = 9.3;
					};
					59F54F5520EA4F2200434DD2 = {
						CreatedOnToolsVersion = 9.3;
						TestTargetID = 59F54F4120EA4F2100434DD2;
					};
					59F54F6020EA4F2200434DD2 = {
						CreatedOnToolsVersion = 9.3;
						TestTargetID = 59F54F4120EA4F2100434DD2;
					};
				};
			};
			buildConfigurationList = 59F54F3D20EA4F2100434DD2 /* Build configuration list for PBXProject "DrawCameraSample" */;
			compatibilityVersion = "Xcode 9.3";
			developmentRegion = en;
			hasScannedForEncodings = 0;
			knownRegions = (
				en,
				Base,
			);
			mainGroup = 59F54F3920EA4F2100434DD2;
			productRefGroup = 59F54F4320EA4F2100434DD2 /* Products */;
			projectDirPath = "";
			projectRoot = "";
			targets = (
				59F54F4120EA4F2100434DD2 /* DrawCameraSample */,
				59F54F5520EA4F2200434DD2 /* DrawCameraSampleTests */,
				59F54F6020EA4F2200434DD2 /* DrawCameraSampleUITests */,
			);
		};
/* End PBXProject section */

/* Begin PBXResourcesBuildPhase section */
		59F54F4020EA4F2100434DD2 /* Resources */ = {
			isa = PBXResourcesBuildPhase;
			buildActionMask = 2147483647;
			files = (
				5979286E20FA22F80057FD9B /* スラムダンク.jpeg in Resources */,
				59F54F5020EA4F2200434DD2 /* LaunchScreen.storyboard in Resources */,
				5979287E20FA53510057FD9B /* CollectionHeader.xib in Resources */,
				5979287420FA26300057FD9B /* CollectionViewCell.xib in Resources */,
				5979287020FA25AE0057FD9B /* CollectionView.storyboard in Resources */,
				59F54F4D20EA4F2200434DD2 /* Assets.xcassets in Resources */,
				59F54F4B20EA4F2100434DD2 /* Main.storyboard in Resources */,
			);
			runOnlyForDeploymentPostprocessing = 0;
		};
		59F54F5420EA4F2200434DD2 /* Resources */ = {
			isa = PBXResourcesBuildPhase;
			buildActionMask = 2147483647;
			files = (
			);
			runOnlyForDeploymentPostprocessing = 0;
		};
		59F54F5F20EA4F2200434DD2 /* Resources */ = {
			isa = PBXResourcesBuildPhase;
			buildActionMask = 2147483647;
			files = (
			);
			runOnlyForDeploymentPostprocessing = 0;
		};
/* End PBXResourcesBuildPhase section */

/* Begin PBXShellScriptBuildPhase section */
		59AFF63C20FC964300E620A0 /* ShellScript */ = {
			isa = PBXShellScriptBuildPhase;
			buildActionMask = 2147483647;
			files = (
			);
			inputPaths = (
				"$(SRCROOT)/Carthage/Build/iOS/Realm.framework",
				"$(SRCROOT)/Carthage/Build/iOS/RealmSwift.framework",
			);
			outputPaths = (
			);
			runOnlyForDeploymentPostprocessing = 0;
			shellPath = /bin/sh;
			shellScript = "/usr/local/bin/carthage copy-frameworks";
		};
/* End PBXShellScriptBuildPhase section */

/* Begin PBXSourcesBuildPhase section */
		59F54F3E20EA4F2100434DD2 /* Sources */ = {
			isa = PBXSourcesBuildPhase;
			buildActionMask = 2147483647;
			files = (
				6E0E1F0C20F5FED300898E91 /* LoginDelegate.swift in Sources */,
				59F54F7520EA50F000434DD2 /* PreviewController.swift in Sources */,
				6E0E1F1020F61BE900898E91 /* RegisterViewController1.swift in Sources */,
				6EE329F820FDC2EA00E9ECD6 /* Results.swift in Sources */,
				6EA8C6AE20F6F4B200DF5EDC /* ReturnButton.swift in Sources */,
				6EE329FA20FDE9A800E9ECD6 /* ProcessData.swift in Sources */,
				6E85A04720FDAE7C006931F8 /* PhotoModel.swift in Sources */,
				6E59A7C420F4DA130056286B /* CameraButtonDelegate.swift in Sources */,
				6E0E1F1220F61BF900898E91 /* RegisterViewController2.swift in Sources */,
				5979287D20FA53510057FD9B /* CollectionHeader.swift in Sources */,
				6EE329F620FDBE2500E9ECD6 /* DateFormat.swift in Sources */,
				5979287320FA26300057FD9B /* CollectionViewCell.swift in Sources */,
				6E0E1EF620F5C83100898E91 /* RegisterView1.swift in Sources */,
				594F6E9D20FCCADE000B4F4D /* Photo.swift in Sources */,
				594F6E9F20FCCB05000B4F4D /* ShootingDate.swift in Sources */,
				6E85A04520FDADEB006931F8 /* PreviewPresenter.swift in Sources */,
				6E59A7BC20F4C4BF0056286B /* CaptureButtonDelegate.swift in Sources */,
				6E59A7C220F4D97B0056286B /* CameraButton.swift in Sources */,
				6E59A7C020F4D5EC0056286B /* ContainerViewController.swift in Sources */,
				6E0E1F0E20F609C700898E91 /* RegisterView2.swift in Sources */,
				6E59A7BA20F4C10D0056286B /* CaptureButton.swift in Sources */,
				6EC882D720EB7452006B79BD /* PreviewDelegate.swift in Sources */,
				6E85A04120FDAD17006931F8 /* PhotoList.swift in Sources */,
				6E59A7BE20F4CEA30056286B /* PhotoListViewController.swift in Sources */,
				6EC882D520EB7191006B79BD /* Preview.swift in Sources */,
				6EA8C6B020F6F56400DF5EDC /* ReturnButtonDelegate.swift in Sources */,
				6EA8C6AC20F6E79600DF5EDC /* Extension.swift in Sources */,
				6E0E1EEE20F5C7ED00898E91 /* LoginViewController.swift in Sources */,
				6EA8C6B220F6F9E300DF5EDC /* CameraButtonsView.swift in Sources */,
				59F54F4620EA4F2100434DD2 /* AppDelegate.swift in Sources */,
				6E59A7B520F4BEDF0056286B /* CameraViewController.swift in Sources */,
				6E0E1EF420F5C82300898E91 /* LoginView.swift in Sources */,
			);
			runOnlyForDeploymentPostprocessing = 0;
		};
		59F54F5220EA4F2200434DD2 /* Sources */ = {
			isa = PBXSourcesBuildPhase;
			buildActionMask = 2147483647;
			files = (
				59F54F5B20EA4F2200434DD2 /* DrawCameraSampleTests.swift in Sources */,
			);
			runOnlyForDeploymentPostprocessing = 0;
		};
		59F54F5D20EA4F2200434DD2 /* Sources */ = {
			isa = PBXSourcesBuildPhase;
			buildActionMask = 2147483647;
			files = (
				59F54F6620EA4F2200434DD2 /* DrawCameraSampleUITests.swift in Sources */,
			);
			runOnlyForDeploymentPostprocessing = 0;
		};
/* End PBXSourcesBuildPhase section */

/* Begin PBXTargetDependency section */
		59F54F5820EA4F2200434DD2 /* PBXTargetDependency */ = {
			isa = PBXTargetDependency;
			target = 59F54F4120EA4F2100434DD2 /* DrawCameraSample */;
			targetProxy = 59F54F5720EA4F2200434DD2 /* PBXContainerItemProxy */;
		};
		59F54F6320EA4F2200434DD2 /* PBXTargetDependency */ = {
			isa = PBXTargetDependency;
			target = 59F54F4120EA4F2100434DD2 /* DrawCameraSample */;
			targetProxy = 59F54F6220EA4F2200434DD2 /* PBXContainerItemProxy */;
		};
/* End PBXTargetDependency section */

/* Begin PBXVariantGroup section */
		59F54F4920EA4F2100434DD2 /* Main.storyboard */ = {
			isa = PBXVariantGroup;
			children = (
				59F54F4A20EA4F2100434DD2 /* Base */,
			);
			name = Main.storyboard;
			sourceTree = "<group>";
		};
		59F54F4E20EA4F2200434DD2 /* LaunchScreen.storyboard */ = {
			isa = PBXVariantGroup;
			children = (
				59F54F4F20EA4F2200434DD2 /* Base */,
			);
			name = LaunchScreen.storyboard;
			sourceTree = "<group>";
		};
/* End PBXVariantGroup section */

/* Begin XCBuildConfiguration section */
		59F54F6820EA4F2200434DD2 /* Debug */ = {
			isa = XCBuildConfiguration;
			buildSettings = {
				ALWAYS_SEARCH_USER_PATHS = NO;
				CLANG_ANALYZER_NONNULL = YES;
				CLANG_ANALYZER_NUMBER_OBJECT_CONVERSION = YES_AGGRESSIVE;
				CLANG_CXX_LANGUAGE_STANDARD = "gnu++14";
				CLANG_CXX_LIBRARY = "libc++";
				CLANG_ENABLE_MODULES = YES;
				CLANG_ENABLE_OBJC_ARC = YES;
				CLANG_ENABLE_OBJC_WEAK = YES;
				CLANG_WARN_BLOCK_CAPTURE_AUTORELEASING = YES;
				CLANG_WARN_BOOL_CONVERSION = YES;
				CLANG_WARN_COMMA = YES;
				CLANG_WARN_CONSTANT_CONVERSION = YES;
				CLANG_WARN_DEPRECATED_OBJC_IMPLEMENTATIONS = YES;
				CLANG_WARN_DIRECT_OBJC_ISA_USAGE = YES_ERROR;
				CLANG_WARN_DOCUMENTATION_COMMENTS = YES;
				CLANG_WARN_EMPTY_BODY = YES;
				CLANG_WARN_ENUM_CONVERSION = YES;
				CLANG_WARN_INFINITE_RECURSION = YES;
				CLANG_WARN_INT_CONVERSION = YES;
				CLANG_WARN_NON_LITERAL_NULL_CONVERSION = YES;
				CLANG_WARN_OBJC_IMPLICIT_RETAIN_SELF = YES;
				CLANG_WARN_OBJC_LITERAL_CONVERSION = YES;
				CLANG_WARN_OBJC_ROOT_CLASS = YES_ERROR;
				CLANG_WARN_RANGE_LOOP_ANALYSIS = YES;
				CLANG_WARN_STRICT_PROTOTYPES = YES;
				CLANG_WARN_SUSPICIOUS_MOVE = YES;
				CLANG_WARN_UNGUARDED_AVAILABILITY = YES_AGGRESSIVE;
				CLANG_WARN_UNREACHABLE_CODE = YES;
				CLANG_WARN__DUPLICATE_METHOD_MATCH = YES;
				CODE_SIGN_IDENTITY = "iPhone Developer";
				COPY_PHASE_STRIP = NO;
				DEBUG_INFORMATION_FORMAT = dwarf;
				ENABLE_STRICT_OBJC_MSGSEND = YES;
				ENABLE_TESTABILITY = YES;
				GCC_C_LANGUAGE_STANDARD = gnu11;
				GCC_DYNAMIC_NO_PIC = NO;
				GCC_NO_COMMON_BLOCKS = YES;
				GCC_OPTIMIZATION_LEVEL = 0;
				GCC_PREPROCESSOR_DEFINITIONS = (
					"DEBUG=1",
					"$(inherited)",
				);
				GCC_WARN_64_TO_32_BIT_CONVERSION = YES;
				GCC_WARN_ABOUT_RETURN_TYPE = YES_ERROR;
				GCC_WARN_UNDECLARED_SELECTOR = YES;
				GCC_WARN_UNINITIALIZED_AUTOS = YES_AGGRESSIVE;
				GCC_WARN_UNUSED_FUNCTION = YES;
				GCC_WARN_UNUSED_VARIABLE = YES;
				IPHONEOS_DEPLOYMENT_TARGET = 11.0;
				MTL_ENABLE_DEBUG_INFO = YES;
				ONLY_ACTIVE_ARCH = YES;
				SDKROOT = iphoneos;
				SWIFT_ACTIVE_COMPILATION_CONDITIONS = DEBUG;
				SWIFT_OPTIMIZATION_LEVEL = "-Onone";
			};
			name = Debug;
		};
		59F54F6920EA4F2200434DD2 /* Release */ = {
			isa = XCBuildConfiguration;
			buildSettings = {
				ALWAYS_SEARCH_USER_PATHS = NO;
				CLANG_ANALYZER_NONNULL = YES;
				CLANG_ANALYZER_NUMBER_OBJECT_CONVERSION = YES_AGGRESSIVE;
				CLANG_CXX_LANGUAGE_STANDARD = "gnu++14";
				CLANG_CXX_LIBRARY = "libc++";
				CLANG_ENABLE_MODULES = YES;
				CLANG_ENABLE_OBJC_ARC = YES;
				CLANG_ENABLE_OBJC_WEAK = YES;
				CLANG_WARN_BLOCK_CAPTURE_AUTORELEASING = YES;
				CLANG_WARN_BOOL_CONVERSION = YES;
				CLANG_WARN_COMMA = YES;
				CLANG_WARN_CONSTANT_CONVERSION = YES;
				CLANG_WARN_DEPRECATED_OBJC_IMPLEMENTATIONS = YES;
				CLANG_WARN_DIRECT_OBJC_ISA_USAGE = YES_ERROR;
				CLANG_WARN_DOCUMENTATION_COMMENTS = YES;
				CLANG_WARN_EMPTY_BODY = YES;
				CLANG_WARN_ENUM_CONVERSION = YES;
				CLANG_WARN_INFINITE_RECURSION = YES;
				CLANG_WARN_INT_CONVERSION = YES;
				CLANG_WARN_NON_LITERAL_NULL_CONVERSION = YES;
				CLANG_WARN_OBJC_IMPLICIT_RETAIN_SELF = YES;
				CLANG_WARN_OBJC_LITERAL_CONVERSION = YES;
				CLANG_WARN_OBJC_ROOT_CLASS = YES_ERROR;
				CLANG_WARN_RANGE_LOOP_ANALYSIS = YES;
				CLANG_WARN_STRICT_PROTOTYPES = YES;
				CLANG_WARN_SUSPICIOUS_MOVE = YES;
				CLANG_WARN_UNGUARDED_AVAILABILITY = YES_AGGRESSIVE;
				CLANG_WARN_UNREACHABLE_CODE = YES;
				CLANG_WARN__DUPLICATE_METHOD_MATCH = YES;
				CODE_SIGN_IDENTITY = "iPhone Developer";
				COPY_PHASE_STRIP = NO;
				DEBUG_INFORMATION_FORMAT = "dwarf-with-dsym";
				ENABLE_NS_ASSERTIONS = NO;
				ENABLE_STRICT_OBJC_MSGSEND = YES;
				GCC_C_LANGUAGE_STANDARD = gnu11;
				GCC_NO_COMMON_BLOCKS = YES;
				GCC_WARN_64_TO_32_BIT_CONVERSION = YES;
				GCC_WARN_ABOUT_RETURN_TYPE = YES_ERROR;
				GCC_WARN_UNDECLARED_SELECTOR = YES;
				GCC_WARN_UNINITIALIZED_AUTOS = YES_AGGRESSIVE;
				GCC_WARN_UNUSED_FUNCTION = YES;
				GCC_WARN_UNUSED_VARIABLE = YES;
				IPHONEOS_DEPLOYMENT_TARGET = 11.0;
				MTL_ENABLE_DEBUG_INFO = NO;
				SDKROOT = iphoneos;
				SWIFT_COMPILATION_MODE = wholemodule;
				SWIFT_OPTIMIZATION_LEVEL = "-O";
				VALIDATE_PRODUCT = YES;
			};
			name = Release;
		};
		59F54F6B20EA4F2200434DD2 /* Debug */ = {
			isa = XCBuildConfiguration;
			buildSettings = {
				ASSETCATALOG_COMPILER_APPICON_NAME = AppIcon;
				CODE_SIGN_STYLE = Automatic;
				DEVELOPMENT_TEAM = LC262FF5YU;
				FRAMEWORK_SEARCH_PATHS = (
					"$(inherited)",
					"$(PROJECT_DIR)/Carthage/Build/iOS",
				);
				INFOPLIST_FILE = DrawCameraSample/Info.plist;
				LD_RUNPATH_SEARCH_PATHS = (
					"$(inherited)",
					"@executable_path/Frameworks",
				);
				PRODUCT_BUNDLE_IDENTIFIER = com.aihasayahukoma7.DrawCameraSample;
				PRODUCT_NAME = "$(TARGET_NAME)";
				SWIFT_VERSION = 4.0;
				TARGETED_DEVICE_FAMILY = "1,2";
			};
			name = Debug;
		};
		59F54F6C20EA4F2200434DD2 /* Release */ = {
			isa = XCBuildConfiguration;
			buildSettings = {
				ASSETCATALOG_COMPILER_APPICON_NAME = AppIcon;
				CODE_SIGN_STYLE = Automatic;
				DEVELOPMENT_TEAM = LC262FF5YU;
				FRAMEWORK_SEARCH_PATHS = (
					"$(inherited)",
					"$(PROJECT_DIR)/Carthage/Build/iOS",
				);
				INFOPLIST_FILE = DrawCameraSample/Info.plist;
				LD_RUNPATH_SEARCH_PATHS = (
					"$(inherited)",
					"@executable_path/Frameworks",
				);
				PRODUCT_BUNDLE_IDENTIFIER = com.aihasayahukoma7.DrawCameraSample;
				PRODUCT_NAME = "$(TARGET_NAME)";
				SWIFT_VERSION = 4.0;
				TARGETED_DEVICE_FAMILY = "1,2";
			};
			name = Release;
		};
		59F54F6E20EA4F2200434DD2 /* Debug */ = {
			isa = XCBuildConfiguration;
			buildSettings = {
				ALWAYS_EMBED_SWIFT_STANDARD_LIBRARIES = YES;
				BUNDLE_LOADER = "$(TEST_HOST)";
				CODE_SIGN_STYLE = Automatic;
				DEVELOPMENT_TEAM = LC262FF5YU;
				INFOPLIST_FILE = DrawCameraSampleTests/Info.plist;
				LD_RUNPATH_SEARCH_PATHS = (
					"$(inherited)",
					"@executable_path/Frameworks",
					"@loader_path/Frameworks",
				);
				PRODUCT_BUNDLE_IDENTIFIER = com.aihasayahukoma7.DrawCameraSampleTests;
				PRODUCT_NAME = "$(TARGET_NAME)";
				SWIFT_VERSION = 4.0;
				TARGETED_DEVICE_FAMILY = "1,2";
				TEST_HOST = "$(BUILT_PRODUCTS_DIR)/DrawCameraSample.app/DrawCameraSample";
			};
			name = Debug;
		};
		59F54F6F20EA4F2200434DD2 /* Release */ = {
			isa = XCBuildConfiguration;
			buildSettings = {
				ALWAYS_EMBED_SWIFT_STANDARD_LIBRARIES = YES;
				BUNDLE_LOADER = "$(TEST_HOST)";
				CODE_SIGN_STYLE = Automatic;
				DEVELOPMENT_TEAM = LC262FF5YU;
				INFOPLIST_FILE = DrawCameraSampleTests/Info.plist;
				LD_RUNPATH_SEARCH_PATHS = (
					"$(inherited)",
					"@executable_path/Frameworks",
					"@loader_path/Frameworks",
				);
				PRODUCT_BUNDLE_IDENTIFIER = com.aihasayahukoma7.DrawCameraSampleTests;
				PRODUCT_NAME = "$(TARGET_NAME)";
				SWIFT_VERSION = 4.0;
				TARGETED_DEVICE_FAMILY = "1,2";
				TEST_HOST = "$(BUILT_PRODUCTS_DIR)/DrawCameraSample.app/DrawCameraSample";
			};
			name = Release;
		};
		59F54F7120EA4F2200434DD2 /* Debug */ = {
			isa = XCBuildConfiguration;
			buildSettings = {
				ALWAYS_EMBED_SWIFT_STANDARD_LIBRARIES = YES;
				CODE_SIGN_STYLE = Automatic;
				DEVELOPMENT_TEAM = LC262FF5YU;
				INFOPLIST_FILE = DrawCameraSampleUITests/Info.plist;
				LD_RUNPATH_SEARCH_PATHS = (
					"$(inherited)",
					"@executable_path/Frameworks",
					"@loader_path/Frameworks",
				);
				PRODUCT_BUNDLE_IDENTIFIER = com.aihasayahukoma7.DrawCameraSampleUITests;
				PRODUCT_NAME = "$(TARGET_NAME)";
				SWIFT_VERSION = 4.0;
				TARGETED_DEVICE_FAMILY = "1,2";
				TEST_TARGET_NAME = DrawCameraSample;
			};
			name = Debug;
		};
		59F54F7220EA4F2200434DD2 /* Release */ = {
			isa = XCBuildConfiguration;
			buildSettings = {
				ALWAYS_EMBED_SWIFT_STANDARD_LIBRARIES = YES;
				CODE_SIGN_STYLE = Automatic;
				DEVELOPMENT_TEAM = LC262FF5YU;
				INFOPLIST_FILE = DrawCameraSampleUITests/Info.plist;
				LD_RUNPATH_SEARCH_PATHS = (
					"$(inherited)",
					"@executable_path/Frameworks",
					"@loader_path/Frameworks",
				);
				PRODUCT_BUNDLE_IDENTIFIER = com.aihasayahukoma7.DrawCameraSampleUITests;
				PRODUCT_NAME = "$(TARGET_NAME)";
				SWIFT_VERSION = 4.0;
				TARGETED_DEVICE_FAMILY = "1,2";
				TEST_TARGET_NAME = DrawCameraSample;
			};
			name = Release;
		};
/* End XCBuildConfiguration section */

/* Begin XCConfigurationList section */
		59F54F3D20EA4F2100434DD2 /* Build configuration list for PBXProject "DrawCameraSample" */ = {
			isa = XCConfigurationList;
			buildConfigurations = (
				59F54F6820EA4F2200434DD2 /* Debug */,
				59F54F6920EA4F2200434DD2 /* Release */,
			);
			defaultConfigurationIsVisible = 0;
			defaultConfigurationName = Release;
		};
		59F54F6A20EA4F2200434DD2 /* Build configuration list for PBXNativeTarget "DrawCameraSample" */ = {
			isa = XCConfigurationList;
			buildConfigurations = (
				59F54F6B20EA4F2200434DD2 /* Debug */,
				59F54F6C20EA4F2200434DD2 /* Release */,
			);
			defaultConfigurationIsVisible = 0;
			defaultConfigurationName = Release;
		};
		59F54F6D20EA4F2200434DD2 /* Build configuration list for PBXNativeTarget "DrawCameraSampleTests" */ = {
			isa = XCConfigurationList;
			buildConfigurations = (
				59F54F6E20EA4F2200434DD2 /* Debug */,
				59F54F6F20EA4F2200434DD2 /* Release */,
			);
			defaultConfigurationIsVisible = 0;
			defaultConfigurationName = Release;
		};
		59F54F7020EA4F2200434DD2 /* Build configuration list for PBXNativeTarget "DrawCameraSampleUITests" */ = {
			isa = XCConfigurationList;
			buildConfigurations = (
				59F54F7120EA4F2200434DD2 /* Debug */,
				59F54F7220EA4F2200434DD2 /* Release */,
			);
			defaultConfigurationIsVisible = 0;
			defaultConfigurationName = Release;
		};
/* End XCConfigurationList section */
	};
	rootObject = 59F54F3A20EA4F2100434DD2 /* Project object */;
}
